
Microsoft Visual Studio Solution File, Format Version 12.00
# Visual Studio Version 17
VisualStudioVersion = 17.11.35312.102
MinimumVisualStudioVersion = 10.0.40219.1
Project("{FAE04EC0-301F-11D3-BF4B-00C04F79EFBC}") = "GUI", "GUI\GUI.csproj", "{8DB452C2-2B28-4DD1-AD95-F33E48D916D7}"
EndProject
Project("{FAE04EC0-301F-11D3-BF4B-00C04F79EFBC}") = "DTO", "DTO\DTO.csproj", "{9AD0CDAA-87A2-40A6-BC09-D29D076648E5}"
EndProject
Project("{54435603-DBB4-11D2-8724-00A0C9A8B90C}") = "BusManagerSetup", "BusManagerSetup\BusManagerSetup.vdproj", "{83F7AE5D-DAA8-4F8C-B749-BD39766E4CEF}"
EndProject
Global
	GlobalSection(SolutionConfigurationPlatforms) = preSolution
		Debug|Any CPU = Debug|Any CPU
		Release|Any CPU = Release|Any CPU
	EndGlobalSection
	GlobalSection(ProjectConfigurationPlatforms) = postSolution
		{8DB452C2-2B28-4DD1-AD95-F33E48D916D7}.Debug|Any CPU.ActiveCfg = Debug|Any CPU
		{8DB452C2-2B28-4DD1-AD95-F33E48D916D7}.Debug|Any CPU.Build.0 = Debug|Any CPU
		{8DB452C2-2B28-4DD1-AD95-F33E48D916D7}.Release|Any CPU.ActiveCfg = Release|Any CPU
		{8DB452C2-2B28-4DD1-AD95-F33E48D916D7}.Release|Any CPU.Build.0 = Release|Any CPU
		{9AD0CDAA-87A2-40A6-BC09-D29D076648E5}.Debug|Any CPU.ActiveCfg = Debug|Any CPU
		{9AD0CDAA-87A2-40A6-BC09-D29D076648E5}.Debug|Any CPU.Build.0 = Debug|Any CPU
		{9AD0CDAA-87A2-40A6-BC09-D29D076648E5}.Release|Any CPU.ActiveCfg = Release|Any CPU
		{9AD0CDAA-87A2-40A6-BC09-D29D076648E5}.Release|Any CPU.Build.0 = Release|Any CPU
		{83F7AE5D-DAA8-4F8C-B749-BD39766E4CEF}.Debug|Any CPU.ActiveCfg = Debug
		{83F7AE5D-DAA8-4F8C-B749-BD39766E4CEF}.Release|Any CPU.ActiveCfg = Release
	EndGlobalSection
	GlobalSection(SolutionProperties) = preSolution
		HideSolutionNode = FALSE
	EndGlobalSection
	GlobalSection(ExtensibilityGlobals) = postSolution
		SolutionGuid = {F321FD0A-5F47-43B7-B743-C86B57937119}
	EndGlobalSection
EndGlobal
