
Microsoft Visual Studio Solution File, Format Version 12.00
# Visual Studio Version 17
VisualStudioVersion = 17.11.35208.52
MinimumVisualStudioVersion = 10.0.40219.1
Project("{FAE04EC0-301F-11D3-BF4B-00C04F79EFBC}") = "BusManager", "BusManager\BusManager.csproj", "{E06BACA7-3DA2-408A-8D2B-35C63AA7560D}"
EndProject
Project("{FAE04EC0-301F-11D3-BF4B-00C04F79EFBC}") = "DAL", "DAL\DAL.csproj", "{24EF378C-0A5B-42D7-A927-800089D57DC9}"
EndProject
Global
	GlobalSection(SolutionConfigurationPlatforms) = preSolution
		Debug|Any CPU = Debug|Any CPU
		Release|Any CPU = Release|Any CPU
	EndGlobalSection
	GlobalSection(ProjectConfigurationPlatforms) = postSolution
		{E06BACA7-3DA2-408A-8D2B-35C63AA7560D}.Debug|Any CPU.ActiveCfg = Debug|Any CPU
		{E06BACA7-3DA2-408A-8D2B-35C63AA7560D}.Debug|Any CPU.Build.0 = Debug|Any CPU
		{E06BACA7-3DA2-408A-8D2B-35C63AA7560D}.Release|Any CPU.ActiveCfg = Release|Any CPU
		{E06BACA7-3DA2-408A-8D2B-35C63AA7560D}.Release|Any CPU.Build.0 = Release|Any CPU
		{24EF378C-0A5B-42D7-A927-800089D57DC9}.Debug|Any CPU.ActiveCfg = Debug|Any CPU
		{24EF378C-0A5B-42D7-A927-800089D57DC9}.Debug|Any CPU.Build.0 = Debug|Any CPU
		{24EF378C-0A5B-42D7-A927-800089D57DC9}.Release|Any CPU.ActiveCfg = Release|Any CPU
		{24EF378C-0A5B-42D7-A927-800089D57DC9}.Release|Any CPU.Build.0 = Release|Any CPU
	EndGlobalSection
	GlobalSection(SolutionProperties) = preSolution
		HideSolutionNode = FALSE
	EndGlobalSection
	GlobalSection(ExtensibilityGlobals) = postSolution
		SolutionGuid = {7CCF16B2-1227-4FF0-93B2-C490E655EC77}
	EndGlobalSection
EndGlobal
